// !$*UTF8*$!
{
	archiveVersion = 1;
	classes = {
	};
	objectVersion = 50;
	objects = {

/* Begin PBXBuildFile section */
		8842F5E225A778400015E59A /* R_PogodynkaApp.swift in Sources */ = {isa = PBXBuildFile; fileRef = 8842F5E125A778400015E59A /* R_PogodynkaApp.swift */; };
		8842F5E425A778400015E59A /* ContentView.swift in Sources */ = {isa = PBXBuildFile; fileRef = 8842F5E325A778400015E59A /* ContentView.swift */; };
		8842F5E625A778410015E59A /* Assets.xcassets in Resources */ = {isa = PBXBuildFile; fileRef = 8842F5E525A778410015E59A /* Assets.xcassets */; };
		8842F5E925A778410015E59A /* Preview Assets.xcassets in Resources */ = {isa = PBXBuildFile; fileRef = 8842F5E825A778410015E59A /* Preview Assets.xcassets */; };
		8842F5F225A779010015E59A /* JsonDecodableWeatherStructs.swift in Sources */ = {isa = PBXBuildFile; fileRef = 8842F5F125A779010015E59A /* JsonDecodableWeatherStructs.swift */; };
		8842F5F725A77A190015E59A /* RWeatherViewModel.swift in Sources */ = {isa = PBXBuildFile; fileRef = 8842F5F625A77A190015E59A /* RWeatherViewModel.swift */; };
		8842F5FA25A77A7B0015E59A /* RWeatherDetailedViewModel.swift in Sources */ = {isa = PBXBuildFile; fileRef = 8842F5F925A77A7B0015E59A /* RWeatherDetailedViewModel.swift */; };
		8842F5FD25A77E3C0015E59A /* RWeatherSettingsViewModel.swift in Sources */ = {isa = PBXBuildFile; fileRef = 8842F5FC25A77E3C0015E59A /* RWeatherSettingsViewModel.swift */; };
		8869C96625B4A67A00AA4383 /* appOnRunning2.gif in Resources */ = {isa = PBXBuildFile; fileRef = 8869C96525B4A67A00AA4383 /* appOnRunning2.gif */; };
		8869C96925B4A68100AA4383 /* appOnRunning.gif in Resources */ = {isa = PBXBuildFile; fileRef = 8869C96825B4A68100AA4383 /* appOnRunning.gif */; };
		888BD29925D1A99000317ACF /* WeatherDataResponse.swift in Sources */ = {isa = PBXBuildFile; fileRef = 888BD29825D1A99000317ACF /* WeatherDataResponse.swift */; };
		888E044825A852160050BB62 /* RWeatherDataGetting.swift in Sources */ = {isa = PBXBuildFile; fileRef = 888E044725A852160050BB62 /* RWeatherDataGetting.swift */; };
		888E044B25A853250050BB62 /* RWeatherData.swift in Sources */ = {isa = PBXBuildFile; fileRef = 888E044A25A853250050BB62 /* RWeatherData.swift */; };
		88CC472925ACC1A9001587CB /* RWeatherSettings.swift in Sources */ = {isa = PBXBuildFile; fileRef = 88CC472825ACC1A9001587CB /* RWeatherSettings.swift */; };
		88CCFE2B25AB5A65003E096E /* RWeatherBackgroundView.swift in Sources */ = {isa = PBXBuildFile; fileRef = 88CCFE2A25AB5A65003E096E /* RWeatherBackgroundView.swift */; };
/* End PBXBuildFile section */

/* Begin PBXFileReference section */
		8842F5DE25A778400015E59A /* R_Pogodynka.app */ = {isa = PBXFileReference; explicitFileType = wrapper.application; includeInIndex = 0; path = R_Pogodynka.app; sourceTree = BUILT_PRODUCTS_DIR; };
		8842F5E125A778400015E59A /* R_PogodynkaApp.swift */ = {isa = PBXFileReference; lastKnownFileType = sourcecode.swift; path = R_PogodynkaApp.swift; sourceTree = "<group>"; };
		8842F5E325A778400015E59A /* ContentView.swift */ = {isa = PBXFileReference; lastKnownFileType = sourcecode.swift; path = ContentView.swift; sourceTree = "<group>"; };
		8842F5E525A778410015E59A /* Assets.xcassets */ = {isa = PBXFileReference; lastKnownFileType = folder.assetcatalog; path = Assets.xcassets; sourceTree = "<group>"; };
		8842F5E825A778410015E59A /* Preview Assets.xcassets */ = {isa = PBXFileReference; lastKnownFileType = folder.assetcatalog; path = "Preview Assets.xcassets"; sourceTree = "<group>"; };
		8842F5EA25A778410015E59A /* Info.plist */ = {isa = PBXFileReference; lastKnownFileType = text.plist.xml; path = Info.plist; sourceTree = "<group>"; };
		8842F5F125A779010015E59A /* JsonDecodableWeatherStructs.swift */ = {isa = PBXFileReference; lastKnownFileType = sourcecode.swift; path = JsonDecodableWeatherStructs.swift; sourceTree = "<group>"; };
		8842F5F625A77A190015E59A /* RWeatherViewModel.swift */ = {isa = PBXFileReference; lastKnownFileType = sourcecode.swift; path = RWeatherViewModel.swift; sourceTree = "<group>"; };
		8842F5F925A77A7B0015E59A /* RWeatherDetailedViewModel.swift */ = {isa = PBXFileReference; lastKnownFileType = sourcecode.swift; path = RWeatherDetailedViewModel.swift; sourceTree = "<group>"; };
		8842F5FC25A77E3C0015E59A /* RWeatherSettingsViewModel.swift */ = {isa = PBXFileReference; lastKnownFileType = sourcecode.swift; path = RWeatherSettingsViewModel.swift; sourceTree = "<group>"; };
		8869C96525B4A67A00AA4383 /* appOnRunning2.gif */ = {isa = PBXFileReference; lastKnownFileType = image.gif; path = appOnRunning2.gif; sourceTree = "<group>"; };
		8869C96825B4A68100AA4383 /* appOnRunning.gif */ = {isa = PBXFileReference; lastKnownFileType = image.gif; path = appOnRunning.gif; sourceTree = "<group>"; };
		888BD29825D1A99000317ACF /* WeatherDataResponse.swift */ = {isa = PBXFileReference; lastKnownFileType = sourcecode.swift; path = WeatherDataResponse.swift; sourceTree = "<group>"; };
		888E044725A852160050BB62 /* RWeatherDataGetting.swift */ = {isa = PBXFileReference; lastKnownFileType = sourcecode.swift; path = RWeatherDataGetting.swift; sourceTree = "<group>"; };
		888E044A25A853250050BB62 /* RWeatherData.swift */ = {isa = PBXFileReference; lastKnownFileType = sourcecode.swift; path = RWeatherData.swift; sourceTree = "<group>"; };
		88CC472825ACC1A9001587CB /* RWeatherSettings.swift */ = {isa = PBXFileReference; lastKnownFileType = sourcecode.swift; path = RWeatherSettings.swift; sourceTree = "<group>"; };
		88CCFE2A25AB5A65003E096E /* RWeatherBackgroundView.swift */ = {isa = PBXFileReference; lastKnownFileType = sourcecode.swift; path = RWeatherBackgroundView.swift; sourceTree = "<group>"; };
		88DB297725AB6F8500A76E82 /* README.md */ = {isa = PBXFileReference; lastKnownFileType = net.daringfireball.markdown; path = README.md; sourceTree = "<group>"; };
/* End PBXFileReference section */

/* Begin PBXFrameworksBuildPhase section */
		8842F5DB25A778400015E59A /* Frameworks */ = {
			isa = PBXFrameworksBuildPhase;
			buildActionMask = 2147483647;
			files = (
			);
			runOnlyForDeploymentPostprocessing = 0;
		};
/* End PBXFrameworksBuildPhase section */

/* Begin PBXGroup section */
		8842F5D525A778400015E59A = {
			isa = PBXGroup;
			children = (
				8869C96425B4A5DE00AA4383 /* Misc */,
				88DB297725AB6F8500A76E82 /* README.md */,
				8842F5E025A778400015E59A /* R_Pogodynka */,
				8842F5DF25A778400015E59A /* Products */,
			);
			sourceTree = "<group>";
		};
		8842F5DF25A778400015E59A /* Products */ = {
			isa = PBXGroup;
			children = (
				8842F5DE25A778400015E59A /* R_Pogodynka.app */,
			);
			name = Products;
			sourceTree = "<group>";
		};
		8842F5E025A778400015E59A /* R_Pogodynka */ = {
			isa = PBXGroup;
			children = (
				8842F5F525A779470015E59A /* ViewModels */,
				8842F5F425A779090015E59A /* Models */,
				8842F5E125A778400015E59A /* R_PogodynkaApp.swift */,
				8842F5E325A778400015E59A /* ContentView.swift */,
				8842F5E525A778410015E59A /* Assets.xcassets */,
				8842F5EA25A778410015E59A /* Info.plist */,
				8842F5E725A778410015E59A /* Preview Content */,
			);
			path = R_Pogodynka;
			sourceTree = "<group>";
		};
		8842F5E725A778410015E59A /* Preview Content */ = {
			isa = PBXGroup;
			children = (
				8842F5E825A778410015E59A /* Preview Assets.xcassets */,
			);
			path = "Preview Content";
			sourceTree = "<group>";
		};
		8842F5F425A779090015E59A /* Models */ = {
			isa = PBXGroup;
			children = (
				8842F5F125A779010015E59A /* JsonDecodableWeatherStructs.swift */,
				888E044725A852160050BB62 /* RWeatherDataGetting.swift */,
				888E044A25A853250050BB62 /* RWeatherData.swift */,
				88CC472825ACC1A9001587CB /* RWeatherSettings.swift */,
				888BD29825D1A99000317ACF /* WeatherDataResponse.swift */,
			);
			path = Models;
			sourceTree = "<group>";
		};
		8842F5F525A779470015E59A /* ViewModels */ = {
			isa = PBXGroup;
			children = (
				8842F5F625A77A190015E59A /* RWeatherViewModel.swift */,
				8842F5F925A77A7B0015E59A /* RWeatherDetailedViewModel.swift */,
				8842F5FC25A77E3C0015E59A /* RWeatherSettingsViewModel.swift */,
				88CCFE2A25AB5A65003E096E /* RWeatherBackgroundView.swift */,
			);
			path = ViewModels;
			sourceTree = "<group>";
		};
		8869C96425B4A5DE00AA4383 /* Misc */ = {
			isa = PBXGroup;
			children = (
				8869C96825B4A68100AA4383 /* appOnRunning.gif */,
				8869C96525B4A67A00AA4383 /* appOnRunning2.gif */,
			);
			path = Misc;
			sourceTree = "<group>";
		};
/* End PBXGroup section */

/* Begin PBXNativeTarget section */
		8842F5DD25A778400015E59A /* R_Pogodynka */ = {
			isa = PBXNativeTarget;
			buildConfigurationList = 8842F5ED25A778410015E59A /* Build configuration list for PBXNativeTarget "R_Pogodynka" */;
			buildPhases = (
				8842F5DA25A778400015E59A /* Sources */,
				8842F5DB25A778400015E59A /* Frameworks */,
				8842F5DC25A778400015E59A /* Resources */,
			);
			buildRules = (
			);
			dependencies = (
			);
			name = R_Pogodynka;
			productName = R_Pogodynka;
			productReference = 8842F5DE25A778400015E59A /* R_Pogodynka.app */;
			productType = "com.apple.product-type.application";
		};
/* End PBXNativeTarget section */

/* Begin PBXProject section */
		8842F5D625A778400015E59A /* Project object */ = {
			isa = PBXProject;
			attributes = {
				LastSwiftUpdateCheck = 1230;
				LastUpgradeCheck = 1230;
				TargetAttributes = {
					8842F5DD25A778400015E59A = {
						CreatedOnToolsVersion = 12.3;
					};
				};
			};
			buildConfigurationList = 8842F5D925A778400015E59A /* Build configuration list for PBXProject "R_Pogodynka" */;
			compatibilityVersion = "Xcode 9.3";
			developmentRegion = en;
			hasScannedForEncodings = 0;
			knownRegions = (
				en,
				Base,
			);
			mainGroup = 8842F5D525A778400015E59A;
			productRefGroup = 8842F5DF25A778400015E59A /* Products */;
			projectDirPath = "";
			projectRoot = "";
			targets = (
				8842F5DD25A778400015E59A /* R_Pogodynka */,
			);
		};
/* End PBXProject section */

/* Begin PBXResourcesBuildPhase section */
		8842F5DC25A778400015E59A /* Resources */ = {
			isa = PBXResourcesBuildPhase;
			buildActionMask = 2147483647;
			files = (
				8842F5E925A778410015E59A /* Preview Assets.xcassets in Resources */,
				8842F5E625A778410015E59A /* Assets.xcassets in Resources */,
				8869C96625B4A67A00AA4383 /* appOnRunning2.gif in Resources */,
				8869C96925B4A68100AA4383 /* appOnRunning.gif in Resources */,
			);
			runOnlyForDeploymentPostprocessing = 0;
		};
/* End PBXResourcesBuildPhase section */

/* Begin PBXSourcesBuildPhase section */
		8842F5DA25A778400015E59A /* Sources */ = {
			isa = PBXSourcesBuildPhase;
			buildActionMask = 2147483647;
			files = (
				8842F5F725A77A190015E59A /* RWeatherViewModel.swift in Sources */,
				888E044B25A853250050BB62 /* RWeatherData.swift in Sources */,
				8842F5FD25A77E3C0015E59A /* RWeatherSettingsViewModel.swift in Sources */,
				888BD29925D1A99000317ACF /* WeatherDataResponse.swift in Sources */,
				8842F5E425A778400015E59A /* ContentView.swift in Sources */,
				8842F5E225A778400015E59A /* R_PogodynkaApp.swift in Sources */,
				88CCFE2B25AB5A65003E096E /* RWeatherBackgroundView.swift in Sources */,
				8842F5F225A779010015E59A /* JsonDecodableWeatherStructs.swift in Sources */,
				888E044825A852160050BB62 /* RWeatherDataGetting.swift in Sources */,
				88CC472925ACC1A9001587CB /* RWeatherSettings.swift in Sources */,
				8842F5FA25A77A7B0015E59A /* RWeatherDetailedViewModel.swift in Sources */,
			);
			runOnlyForDeploymentPostprocessing = 0;
		};
/* End PBXSourcesBuildPhase section */

/* Begin XCBuildConfiguration section */
		8842F5EB25A778410015E59A /* Debug */ = {
			isa = XCBuildConfiguration;
			buildSettings = {
				ALWAYS_SEARCH_USER_PATHS = NO;
				CLANG_ANALYZER_NONNULL = YES;
				CLANG_ANALYZER_NUMBER_OBJECT_CONVERSION = YES_AGGRESSIVE;
				CLANG_CXX_LANGUAGE_STANDARD = "gnu++14";
				CLANG_CXX_LIBRARY = "libc++";
				CLANG_ENABLE_MODULES = YES;
				CLANG_ENABLE_OBJC_ARC = YES;
				CLANG_ENABLE_OBJC_WEAK = YES;
				CLANG_WARN_BLOCK_CAPTURE_AUTORELEASING = YES;
				CLANG_WARN_BOOL_CONVERSION = YES;
				CLANG_WARN_COMMA = YES;
				CLANG_WARN_CONSTANT_CONVERSION = YES;
				CLANG_WARN_DEPRECATED_OBJC_IMPLEMENTATIONS = YES;
				CLANG_WARN_DIRECT_OBJC_ISA_USAGE = YES_ERROR;
				CLANG_WARN_DOCUMENTATION_COMMENTS = YES;
				CLANG_WARN_EMPTY_BODY = YES;
				CLANG_WARN_ENUM_CONVERSION = YES;
				CLANG_WARN_INFINITE_RECURSION = YES;
				CLANG_WARN_INT_CONVERSION = YES;
				CLANG_WARN_NON_LITERAL_NULL_CONVERSION = YES;
				CLANG_WARN_OBJC_IMPLICIT_RETAIN_SELF = YES;
				CLANG_WARN_OBJC_LITERAL_CONVERSION = YES;
				CLANG_WARN_OBJC_ROOT_CLASS = YES_ERROR;
				CLANG_WARN_QUOTED_INCLUDE_IN_FRAMEWORK_HEADER = YES;
				CLANG_WARN_RANGE_LOOP_ANALYSIS = YES;
				CLANG_WARN_STRICT_PROTOTYPES = YES;
				CLANG_WARN_SUSPICIOUS_MOVE = YES;
				CLANG_WARN_UNGUARDED_AVAILABILITY = YES_AGGRESSIVE;
				CLANG_WARN_UNREACHABLE_CODE = YES;
				CLANG_WARN__DUPLICATE_METHOD_MATCH = YES;
				COPY_PHASE_STRIP = NO;
				DEBUG_INFORMATION_FORMAT = dwarf;
				ENABLE_STRICT_OBJC_MSGSEND = YES;
				ENABLE_TESTABILITY = YES;
				GCC_C_LANGUAGE_STANDARD = gnu11;
				GCC_DYNAMIC_NO_PIC = NO;
				GCC_NO_COMMON_BLOCKS = YES;
				GCC_OPTIMIZATION_LEVEL = 0;
				GCC_PREPROCESSOR_DEFINITIONS = (
					"DEBUG=1",
					"$(inherited)",
				);
				GCC_WARN_64_TO_32_BIT_CONVERSION = YES;
				GCC_WARN_ABOUT_RETURN_TYPE = YES_ERROR;
				GCC_WARN_UNDECLARED_SELECTOR = YES;
				GCC_WARN_UNINITIALIZED_AUTOS = YES_AGGRESSIVE;
				GCC_WARN_UNUSED_FUNCTION = YES;
				GCC_WARN_UNUSED_VARIABLE = YES;
				IPHONEOS_DEPLOYMENT_TARGET = 14.3;
				MTL_ENABLE_DEBUG_INFO = INCLUDE_SOURCE;
				MTL_FAST_MATH = YES;
				ONLY_ACTIVE_ARCH = YES;
				SDKROOT = iphoneos;
				SWIFT_ACTIVE_COMPILATION_CONDITIONS = DEBUG;
				SWIFT_OPTIMIZATION_LEVEL = "-Onone";
			};
			name = Debug;
		};
		8842F5EC25A778410015E59A /* Release */ = {
			isa = XCBuildConfiguration;
			buildSettings = {
				ALWAYS_SEARCH_USER_PATHS = NO;
				CLANG_ANALYZER_NONNULL = YES;
				CLANG_ANALYZER_NUMBER_OBJECT_CONVERSION = YES_AGGRESSIVE;
				CLANG_CXX_LANGUAGE_STANDARD = "gnu++14";
				CLANG_CXX_LIBRARY = "libc++";
				CLANG_ENABLE_MODULES = YES;
				CLANG_ENABLE_OBJC_ARC = YES;
				CLANG_ENABLE_OBJC_WEAK = YES;
				CLANG_WARN_BLOCK_CAPTURE_AUTORELEASING = YES;
				CLANG_WARN_BOOL_CONVERSION = YES;
				CLANG_WARN_COMMA = YES;
				CLANG_WARN_CONSTANT_CONVERSION = YES;
				CLANG_WARN_DEPRECATED_OBJC_IMPLEMENTATIONS = YES;
				CLANG_WARN_DIRECT_OBJC_ISA_USAGE = YES_ERROR;
				CLANG_WARN_DOCUMENTATION_COMMENTS = YES;
				CLANG_WARN_EMPTY_BODY = YES;
				CLANG_WARN_ENUM_CONVERSION = YES;
				CLANG_WARN_INFINITE_RECURSION = YES;
				CLANG_WARN_INT_CONVERSION = YES;
				CLANG_WARN_NON_LITERAL_NULL_CONVERSION = YES;
				CLANG_WARN_OBJC_IMPLICIT_RETAIN_SELF = YES;
				CLANG_WARN_OBJC_LITERAL_CONVERSION = YES;
				CLANG_WARN_OBJC_ROOT_CLASS = YES_ERROR;
				CLANG_WARN_QUOTED_INCLUDE_IN_FRAMEWORK_HEADER = YES;
				CLANG_WARN_RANGE_LOOP_ANALYSIS = YES;
				CLANG_WARN_STRICT_PROTOTYPES = YES;
				CLANG_WARN_SUSPICIOUS_MOVE = YES;
				CLANG_WARN_UNGUARDED_AVAILABILITY = YES_AGGRESSIVE;
				CLANG_WARN_UNREACHABLE_CODE = YES;
				CLANG_WARN__DUPLICATE_METHOD_MATCH = YES;
				COPY_PHASE_STRIP = NO;
				DEBUG_INFORMATION_FORMAT = "dwarf-with-dsym";
				ENABLE_NS_ASSERTIONS = NO;
				ENABLE_STRICT_OBJC_MSGSEND = YES;
				GCC_C_LANGUAGE_STANDARD = gnu11;
				GCC_NO_COMMON_BLOCKS = YES;
				GCC_WARN_64_TO_32_BIT_CONVERSION = YES;
				GCC_WARN_ABOUT_RETURN_TYPE = YES_ERROR;
				GCC_WARN_UNDECLARED_SELECTOR = YES;
				GCC_WARN_UNINITIALIZED_AUTOS = YES_AGGRESSIVE;
				GCC_WARN_UNUSED_FUNCTION = YES;
				GCC_WARN_UNUSED_VARIABLE = YES;
				IPHONEOS_DEPLOYMENT_TARGET = 14.3;
				MTL_ENABLE_DEBUG_INFO = NO;
				MTL_FAST_MATH = YES;
				SDKROOT = iphoneos;
				SWIFT_COMPILATION_MODE = wholemodule;
				SWIFT_OPTIMIZATION_LEVEL = "-O";
				VALIDATE_PRODUCT = YES;
			};
			name = Release;
		};
		8842F5EE25A778410015E59A /* Debug */ = {
			isa = XCBuildConfiguration;
			buildSettings = {
				ASSETCATALOG_COMPILER_GLOBAL_ACCENT_COLOR_NAME = AccentColor;
				CODE_SIGN_STYLE = Automatic;
				DEVELOPMENT_ASSET_PATHS = "\"R_Pogodynka/Preview Content\"";
				DEVELOPMENT_TEAM = 5635J3PT63;
				ENABLE_PREVIEWS = YES;
				INFOPLIST_FILE = R_Pogodynka/Info.plist;
				IPHONEOS_DEPLOYMENT_TARGET = 14.0;
				LD_RUNPATH_SEARCH_PATHS = (
					"$(inherited)",
					"@executable_path/Frameworks",
				);
				PRODUCT_BUNDLE_IDENTIFIER = "Calkas.R-Pogodynka";
				PRODUCT_NAME = "$(TARGET_NAME)";
				SWIFT_VERSION = 5.0;
				TARGETED_DEVICE_FAMILY = "1,2";
			};
			name = Debug;
		};
		8842F5EF25A778410015E59A /* Release */ = {
			isa = XCBuildConfiguration;
			buildSettings = {
				ASSETCATALOG_COMPILER_GLOBAL_ACCENT_COLOR_NAME = AccentColor;
				CODE_SIGN_STYLE = Automatic;
				DEVELOPMENT_ASSET_PATHS = "\"R_Pogodynka/Preview Content\"";
				DEVELOPMENT_TEAM = 5635J3PT63;
				ENABLE_PREVIEWS = YES;
				INFOPLIST_FILE = R_Pogodynka/Info.plist;
				IPHONEOS_DEPLOYMENT_TARGET = 14.0;
				LD_RUNPATH_SEARCH_PATHS = (
					"$(inherited)",
					"@executable_path/Frameworks",
				);
				PRODUCT_BUNDLE_IDENTIFIER = "Calkas.R-Pogodynka";
				PRODUCT_NAME = "$(TARGET_NAME)";
				SWIFT_VERSION = 5.0;
				TARGETED_DEVICE_FAMILY = "1,2";
			};
			name = Release;
		};
/* End XCBuildConfiguration section */

/* Begin XCConfigurationList section */
		8842F5D925A778400015E59A /* Build configuration list for PBXProject "R_Pogodynka" */ = {
			isa = XCConfigurationList;
			buildConfigurations = (
				8842F5EB25A778410015E59A /* Debug */,
				8842F5EC25A778410015E59A /* Release */,
			);
			defaultConfigurationIsVisible = 0;
			defaultConfigurationName = Release;
		};
		8842F5ED25A778410015E59A /* Build configuration list for PBXNativeTarget "R_Pogodynka" */ = {
			isa = XCConfigurationList;
			buildConfigurations = (
				8842F5EE25A778410015E59A /* Debug */,
				8842F5EF25A778410015E59A /* Release */,
			);
			defaultConfigurationIsVisible = 0;
			defaultConfigurationName = Release;
		};
/* End XCConfigurationList section */
	};
	rootObject = 8842F5D625A778400015E59A /* Project object */;
}
